
Microsoft Visual Studio Solution File, Format Version 12.00
# Visual Studio 15
VisualStudioVersion = 15.0.28307.168
MinimumVisualStudioVersion = 10.0.40219.1
Project("{FAE04EC0-301F-11D3-BF4B-00C04F79EFBC}") = "BarPrinterCode", "BarabaraCode\BarPrinterCode.csproj", "{8F954D43-F088-4051-BA0E-92489ED8BA10}"
EndProject
Global
	GlobalSection(SolutionConfigurationPlatforms) = preSolution
		Debug|Any CPU = Debug|Any CPU
		Release|Any CPU = Release|Any CPU
	EndGlobalSection
	GlobalSection(ProjectConfigurationPlatforms) = postSolution
		{8F954D43-F088-4051-BA0E-92489ED8BA10}.Debug|Any CPU.ActiveCfg = Debug|Any CPU
		{8F954D43-F088-4051-BA0E-92489ED8BA10}.Debug|Any CPU.Build.0 = Debug|Any CPU
		{8F954D43-F088-4051-BA0E-92489ED8BA10}.Release|Any CPU.ActiveCfg = Release|Any CPU
		{8F954D43-F088-4051-BA0E-92489ED8BA10}.Release|Any CPU.Build.0 = Release|Any CPU
	EndGlobalSection
	GlobalSection(SolutionProperties) = preSolution
		HideSolutionNode = FALSE
	EndGlobalSection
	GlobalSection(ExtensibilityGlobals) = postSolution
		SolutionGuid = {C3ED2EEE-6AAC-49A6-92FD-3FC70FDAD66A}
	EndGlobalSection
EndGlobal
